
Microsoft Visual Studio Solution File, Format Version 12.00
# Visual Studio 2013
VisualStudioVersion = 12.0.21005.1
MinimumVisualStudioVersion = 10.0.40219.1
Project("{2150E333-8FDC-42A3-9474-1A3956D46DE8}") = "Client", "Client", "{AB48976B-441B-4ED1-8E74-8E6160F4131B}"
EndProject
Project("{2150E333-8FDC-42A3-9474-1A3956D46DE8}") = "Source", "Source", "{B138D237-8417-48CD-A947-8DBA8F331B54}"
EndProject
Project("{2150E333-8FDC-42A3-9474-1A3956D46DE8}") = "Test", "Test", "{D6778D11-1FFA-49E4-B8B4-97D24BEAF33D}"
EndProject
Project("{FAE04EC0-301F-11D3-BF4B-00C04F79EFBC}") = "ColegioVRHT.WebClient", "Client\ColegioVRHT.WebClient\ColegioVRHT.WebClient.csproj", "{F9C4A004-3207-4696-9564-B7D8F2167171}"
EndProject
Project("{2150E333-8FDC-42A3-9474-1A3956D46DE8}") = "Infrastructure", "Infrastructure", "{809C1C9C-B309-48F7-AFF0-F33C27CCCF14}"
EndProject
Project("{2150E333-8FDC-42A3-9474-1A3956D46DE8}") = "Domain", "Domain", "{8F6514E5-861A-4DE4-A6B5-0EE912006949}"
EndProject
Project("{FAE04EC0-301F-11D3-BF4B-00C04F79EFBC}") = "ColegioVRHT.Repository", "Source\Infrastructure\ColegioVRHT.Repository\ColegioVRHT.Repository.csproj", "{53BF9A0B-8F0E-4FA4-9A3C-3C2A8CD77FC7}"
EndProject
Project("{FAE04EC0-301F-11D3-BF4B-00C04F79EFBC}") = "ColegioVRHT.Test", "Test\ColegioVRHT.Test\ColegioVRHT.Test.csproj", "{8862AB8D-9A7F-4A9E-ABF7-88FA1B71B6F6}"
EndProject
Project("{FAE04EC0-301F-11D3-BF4B-00C04F79EFBC}") = "ColegioVRHT.Entities", "Source\Domain\ColegioVRHT.Entities\ColegioVRHT.Entities.csproj", "{E378A5DF-35E9-422B-927D-124D13C72782}"
EndProject
Project("{FAE04EC0-301F-11D3-BF4B-00C04F79EFBC}") = "ColegioVRHT.BusinessLogic", "Source\Domain\ColegioVRHT.BusinessLogic\ColegioVRHT.BusinessLogic.csproj", "{01C494C6-ED7C-41CD-A872-4CEB81640B6E}"
EndProject
Project("{FAE04EC0-301F-11D3-BF4B-00C04F79EFBC}") = "ColegioConsoleTest", "Test\ColegioConsoleTest\ColegioConsoleTest.csproj", "{977346A4-6E79-41C0-B283-C19A954AFE2F}"
EndProject
Global
	GlobalSection(SolutionConfigurationPlatforms) = preSolution
		Debug|Any CPU = Debug|Any CPU
		Release|Any CPU = Release|Any CPU
	EndGlobalSection
	GlobalSection(ProjectConfigurationPlatforms) = postSolution
		{F9C4A004-3207-4696-9564-B7D8F2167171}.Debug|Any CPU.ActiveCfg = Debug|Any CPU
		{F9C4A004-3207-4696-9564-B7D8F2167171}.Debug|Any CPU.Build.0 = Debug|Any CPU
		{F9C4A004-3207-4696-9564-B7D8F2167171}.Release|Any CPU.ActiveCfg = Release|Any CPU
		{F9C4A004-3207-4696-9564-B7D8F2167171}.Release|Any CPU.Build.0 = Release|Any CPU
		{53BF9A0B-8F0E-4FA4-9A3C-3C2A8CD77FC7}.Debug|Any CPU.ActiveCfg = Debug|Any CPU
		{53BF9A0B-8F0E-4FA4-9A3C-3C2A8CD77FC7}.Debug|Any CPU.Build.0 = Debug|Any CPU
		{53BF9A0B-8F0E-4FA4-9A3C-3C2A8CD77FC7}.Release|Any CPU.ActiveCfg = Release|Any CPU
		{53BF9A0B-8F0E-4FA4-9A3C-3C2A8CD77FC7}.Release|Any CPU.Build.0 = Release|Any CPU
		{8862AB8D-9A7F-4A9E-ABF7-88FA1B71B6F6}.Debug|Any CPU.ActiveCfg = Debug|Any CPU
		{8862AB8D-9A7F-4A9E-ABF7-88FA1B71B6F6}.Debug|Any CPU.Build.0 = Debug|Any CPU
		{8862AB8D-9A7F-4A9E-ABF7-88FA1B71B6F6}.Release|Any CPU.ActiveCfg = Release|Any CPU
		{8862AB8D-9A7F-4A9E-ABF7-88FA1B71B6F6}.Release|Any CPU.Build.0 = Release|Any CPU
		{E378A5DF-35E9-422B-927D-124D13C72782}.Debug|Any CPU.ActiveCfg = Debug|Any CPU
		{E378A5DF-35E9-422B-927D-124D13C72782}.Debug|Any CPU.Build.0 = Debug|Any CPU
		{E378A5DF-35E9-422B-927D-124D13C72782}.Release|Any CPU.ActiveCfg = Release|Any CPU
		{E378A5DF-35E9-422B-927D-124D13C72782}.Release|Any CPU.Build.0 = Release|Any CPU
		{01C494C6-ED7C-41CD-A872-4CEB81640B6E}.Debug|Any CPU.ActiveCfg = Debug|Any CPU
		{01C494C6-ED7C-41CD-A872-4CEB81640B6E}.Debug|Any CPU.Build.0 = Debug|Any CPU
		{01C494C6-ED7C-41CD-A872-4CEB81640B6E}.Release|Any CPU.ActiveCfg = Release|Any CPU
		{01C494C6-ED7C-41CD-A872-4CEB81640B6E}.Release|Any CPU.Build.0 = Release|Any CPU
		{977346A4-6E79-41C0-B283-C19A954AFE2F}.Debug|Any CPU.ActiveCfg = Debug|Any CPU
		{977346A4-6E79-41C0-B283-C19A954AFE2F}.Debug|Any CPU.Build.0 = Debug|Any CPU
		{977346A4-6E79-41C0-B283-C19A954AFE2F}.Release|Any CPU.ActiveCfg = Release|Any CPU
		{977346A4-6E79-41C0-B283-C19A954AFE2F}.Release|Any CPU.Build.0 = Release|Any CPU
	EndGlobalSection
	GlobalSection(SolutionProperties) = preSolution
		HideSolutionNode = FALSE
	EndGlobalSection
	GlobalSection(NestedProjects) = preSolution
		{F9C4A004-3207-4696-9564-B7D8F2167171} = {AB48976B-441B-4ED1-8E74-8E6160F4131B}
		{809C1C9C-B309-48F7-AFF0-F33C27CCCF14} = {B138D237-8417-48CD-A947-8DBA8F331B54}
		{8F6514E5-861A-4DE4-A6B5-0EE912006949} = {B138D237-8417-48CD-A947-8DBA8F331B54}
		{8862AB8D-9A7F-4A9E-ABF7-88FA1B71B6F6} = {D6778D11-1FFA-49E4-B8B4-97D24BEAF33D}
		{977346A4-6E79-41C0-B283-C19A954AFE2F} = {D6778D11-1FFA-49E4-B8B4-97D24BEAF33D}
		{53BF9A0B-8F0E-4FA4-9A3C-3C2A8CD77FC7} = {809C1C9C-B309-48F7-AFF0-F33C27CCCF14}
		{E378A5DF-35E9-422B-927D-124D13C72782} = {8F6514E5-861A-4DE4-A6B5-0EE912006949}
		{01C494C6-ED7C-41CD-A872-4CEB81640B6E} = {8F6514E5-861A-4DE4-A6B5-0EE912006949}
	EndGlobalSection
EndGlobal
